// !$*UTF8*$!
{
	archiveVersion = 1;
	classes = {
	};
	objectVersion = 55;
	objects = {

/* Begin PBXBuildFile section */
		1FA45F9527CA5AF6006F4600 /* ImageTableViewCell.swift in Sources */ = {isa = PBXBuildFile; fileRef = 1FA45F9427CA5AF6006F4600 /* ImageTableViewCell.swift */; };
		1FF54D9F27C9DF3400763788 /* AppDelegate.swift in Sources */ = {isa = PBXBuildFile; fileRef = 1FF54D9E27C9DF3400763788 /* AppDelegate.swift */; };
		1FF54DA127C9DF3400763788 /* SceneDelegate.swift in Sources */ = {isa = PBXBuildFile; fileRef = 1FF54DA027C9DF3400763788 /* SceneDelegate.swift */; };
		1FF54DA327C9DF3400763788 /* LoginViewController.swift in Sources */ = {isa = PBXBuildFile; fileRef = 1FF54DA227C9DF3400763788 /* LoginViewController.swift */; };
		1FF54DA627C9DF3400763788 /* Main.storyboard in Resources */ = {isa = PBXBuildFile; fileRef = 1FF54DA427C9DF3400763788 /* Main.storyboard */; };
		1FF54DA827C9DF3500763788 /* Assets.xcassets in Resources */ = {isa = PBXBuildFile; fileRef = 1FF54DA727C9DF3500763788 /* Assets.xcassets */; };
		1FF54DAB27C9DF3500763788 /* LaunchScreen.storyboard in Resources */ = {isa = PBXBuildFile; fileRef = 1FF54DA927C9DF3500763788 /* LaunchScreen.storyboard */; };
		1FF54DB627C9DF3500763788 /* login_practiceTests.swift in Sources */ = {isa = PBXBuildFile; fileRef = 1FF54DB527C9DF3500763788 /* login_practiceTests.swift */; };
		1FF54DC027C9DF3500763788 /* login_practiceUITests.swift in Sources */ = {isa = PBXBuildFile; fileRef = 1FF54DBF27C9DF3500763788 /* login_practiceUITests.swift */; };
		1FF54DC227C9DF3500763788 /* login_practiceUITestsLaunchTests.swift in Sources */ = {isa = PBXBuildFile; fileRef = 1FF54DC127C9DF3500763788 /* login_practiceUITestsLaunchTests.swift */; };
		1FF54DD327C9F35800763788 /* SignupViewController.swift in Sources */ = {isa = PBXBuildFile; fileRef = 1FF54DD227C9F35800763788 /* SignupViewController.swift */; };
		1FF54DD527C9FA3800763788 /* HomeViewController.swift in Sources */ = {isa = PBXBuildFile; fileRef = 1FF54DD427C9FA3800763788 /* HomeViewController.swift */; };
/* End PBXBuildFile section */

/* Begin PBXContainerItemProxy section */
		1FF54DB227C9DF3500763788 /* PBXContainerItemProxy */ = {
			isa = PBXContainerItemProxy;
			containerPortal = 1FF54D9327C9DF3400763788 /* Project object */;
			proxyType = 1;
			remoteGlobalIDString = 1FF54D9A27C9DF3400763788;
			remoteInfo = login_practice;
		};
		1FF54DBC27C9DF3500763788 /* PBXContainerItemProxy */ = {
			isa = PBXContainerItemProxy;
			containerPortal = 1FF54D9327C9DF3400763788 /* Project object */;
			proxyType = 1;
			remoteGlobalIDString = 1FF54D9A27C9DF3400763788;
			remoteInfo = login_practice;
		};
/* End PBXContainerItemProxy section */

/* Begin PBXFileReference section */
		1F5C5A3B27CC516E0081F6D4 /* README.md */ = {isa = PBXFileReference; lastKnownFileType = net.daringfireball.markdown; path = README.md; sourceTree = "<group>"; };
		1FA45F9427CA5AF6006F4600 /* ImageTableViewCell.swift */ = {isa = PBXFileReference; lastKnownFileType = sourcecode.swift; path = ImageTableViewCell.swift; sourceTree = "<group>"; };
		1FF54D9B27C9DF3400763788 /* login_practice.app */ = {isa = PBXFileReference; explicitFileType = wrapper.application; includeInIndex = 0; path = login_practice.app; sourceTree = BUILT_PRODUCTS_DIR; };
		1FF54D9E27C9DF3400763788 /* AppDelegate.swift */ = {isa = PBXFileReference; lastKnownFileType = sourcecode.swift; path = AppDelegate.swift; sourceTree = "<group>"; };
		1FF54DA027C9DF3400763788 /* SceneDelegate.swift */ = {isa = PBXFileReference; lastKnownFileType = sourcecode.swift; path = SceneDelegate.swift; sourceTree = "<group>"; };
		1FF54DA227C9DF3400763788 /* LoginViewController.swift */ = {isa = PBXFileReference; lastKnownFileType = sourcecode.swift; path = LoginViewController.swift; sourceTree = "<group>"; };
		1FF54DA527C9DF3400763788 /* Base */ = {isa = PBXFileReference; lastKnownFileType = file.storyboard; name = Base; path = Base.lproj/Main.storyboard; sourceTree = "<group>"; };
		1FF54DA727C9DF3500763788 /* Assets.xcassets */ = {isa = PBXFileReference; lastKnownFileType = folder.assetcatalog; path = Assets.xcassets; sourceTree = "<group>"; };
		1FF54DAA27C9DF3500763788 /* Base */ = {isa = PBXFileReference; lastKnownFileType = file.storyboard; name = Base; path = Base.lproj/LaunchScreen.storyboard; sourceTree = "<group>"; };
		1FF54DAC27C9DF3500763788 /* Info.plist */ = {isa = PBXFileReference; lastKnownFileType = text.plist.xml; path = Info.plist; sourceTree = "<group>"; };
		1FF54DB127C9DF3500763788 /* login_practiceTests.xctest */ = {isa = PBXFileReference; explicitFileType = wrapper.cfbundle; includeInIndex = 0; path = login_practiceTests.xctest; sourceTree = BUILT_PRODUCTS_DIR; };
		1FF54DB527C9DF3500763788 /* login_practiceTests.swift */ = {isa = PBXFileReference; lastKnownFileType = sourcecode.swift; path = login_practiceTests.swift; sourceTree = "<group>"; };
		1FF54DBB27C9DF3500763788 /* login_practiceUITests.xctest */ = {isa = PBXFileReference; explicitFileType = wrapper.cfbundle; includeInIndex = 0; path = login_practiceUITests.xctest; sourceTree = BUILT_PRODUCTS_DIR; };
		1FF54DBF27C9DF3500763788 /* login_practiceUITests.swift */ = {isa = PBXFileReference; lastKnownFileType = sourcecode.swift; path = login_practiceUITests.swift; sourceTree = "<group>"; };
		1FF54DC127C9DF3500763788 /* login_practiceUITestsLaunchTests.swift */ = {isa = PBXFileReference; lastKnownFileType = sourcecode.swift; path = login_practiceUITestsLaunchTests.swift; sourceTree = "<group>"; };
		1FF54DD227C9F35800763788 /* SignupViewController.swift */ = {isa = PBXFileReference; lastKnownFileType = sourcecode.swift; path = SignupViewController.swift; sourceTree = "<group>"; };
		1FF54DD427C9FA3800763788 /* HomeViewController.swift */ = {isa = PBXFileReference; lastKnownFileType = sourcecode.swift; path = HomeViewController.swift; sourceTree = "<group>"; };
/* End PBXFileReference section */

/* Begin PBXFrameworksBuildPhase section */
		1FF54D9827C9DF3400763788 /* Frameworks */ = {
			isa = PBXFrameworksBuildPhase;
			buildActionMask = 2147483647;
			files = (
			);
			runOnlyForDeploymentPostprocessing = 0;
		};
		1FF54DAE27C9DF3500763788 /* Frameworks */ = {
			isa = PBXFrameworksBuildPhase;
			buildActionMask = 2147483647;
			files = (
			);
			runOnlyForDeploymentPostprocessing = 0;
		};
		1FF54DB827C9DF3500763788 /* Frameworks */ = {
			isa = PBXFrameworksBuildPhase;
			buildActionMask = 2147483647;
			files = (
			);
			runOnlyForDeploymentPostprocessing = 0;
		};
/* End PBXFrameworksBuildPhase section */

/* Begin PBXGroup section */
		1FA45F9327CA5AE8006F4600 /* Home */ = {
			isa = PBXGroup;
			children = (
				1FF54DD427C9FA3800763788 /* HomeViewController.swift */,
				1FA45F9427CA5AF6006F4600 /* ImageTableViewCell.swift */,
			);
			path = Home;
			sourceTree = "<group>";
		};
		1FF54D9227C9DF3400763788 = {
			isa = PBXGroup;
			children = (
				1F5C5A3B27CC516E0081F6D4 /* README.md */,
				1FF54D9D27C9DF3400763788 /* login_practice */,
				1FF54DB427C9DF3500763788 /* login_practiceTests */,
				1FF54DBE27C9DF3500763788 /* login_practiceUITests */,
				1FF54D9C27C9DF3400763788 /* Products */,
			);
			sourceTree = "<group>";
		};
		1FF54D9C27C9DF3400763788 /* Products */ = {
			isa = PBXGroup;
			children = (
				1FF54D9B27C9DF3400763788 /* login_practice.app */,
				1FF54DB127C9DF3500763788 /* login_practiceTests.xctest */,
				1FF54DBB27C9DF3500763788 /* login_practiceUITests.xctest */,
			);
			name = Products;
			sourceTree = "<group>";
		};
		1FF54D9D27C9DF3400763788 /* login_practice */ = {
			isa = PBXGroup;
			children = (
				1FF54DCE27C9E00800763788 /* view */,
				1FF54D9E27C9DF3400763788 /* AppDelegate.swift */,
				1FF54DA027C9DF3400763788 /* SceneDelegate.swift */,
				1FF54DA727C9DF3500763788 /* Assets.xcassets */,
				1FF54DA427C9DF3400763788 /* Main.storyboard */,
				1FF54DA927C9DF3500763788 /* LaunchScreen.storyboard */,
				1FF54DAC27C9DF3500763788 /* Info.plist */,
			);
			path = login_practice;
			sourceTree = "<group>";
		};
		1FF54DB427C9DF3500763788 /* login_practiceTests */ = {
			isa = PBXGroup;
			children = (
				1FF54DB527C9DF3500763788 /* login_practiceTests.swift */,
			);
			path = login_practiceTests;
			sourceTree = "<group>";
		};
		1FF54DBE27C9DF3500763788 /* login_practiceUITests */ = {
			isa = PBXGroup;
			children = (
				1FF54DBF27C9DF3500763788 /* login_practiceUITests.swift */,
				1FF54DC127C9DF3500763788 /* login_practiceUITestsLaunchTests.swift */,
			);
			path = login_practiceUITests;
			sourceTree = "<group>";
		};
		1FF54DCE27C9E00800763788 /* view */ = {
			isa = PBXGroup;
			children = (
				1FA45F9327CA5AE8006F4600 /* Home */,
				1FF54DA227C9DF3400763788 /* LoginViewController.swift */,
				1FF54DD227C9F35800763788 /* SignupViewController.swift */,
			);
			path = view;
			sourceTree = "<group>";
		};
/* End PBXGroup section */

/* Begin PBXNativeTarget section */
		1FF54D9A27C9DF3400763788 /* login_practice */ = {
			isa = PBXNativeTarget;
			buildConfigurationList = 1FF54DC527C9DF3500763788 /* Build configuration list for PBXNativeTarget "login_practice" */;
			buildPhases = (
				1FF54D9727C9DF3400763788 /* Sources */,
				1FF54D9827C9DF3400763788 /* Frameworks */,
				1FF54D9927C9DF3400763788 /* Resources */,
			);
			buildRules = (
			);
			dependencies = (
			);
			name = login_practice;
			productName = login_practice;
			productReference = 1FF54D9B27C9DF3400763788 /* login_practice.app */;
			productType = "com.apple.product-type.application";
		};
		1FF54DB027C9DF3500763788 /* login_practiceTests */ = {
			isa = PBXNativeTarget;
			buildConfigurationList = 1FF54DC827C9DF3500763788 /* Build configuration list for PBXNativeTarget "login_practiceTests" */;
			buildPhases = (
				1FF54DAD27C9DF3500763788 /* Sources */,
				1FF54DAE27C9DF3500763788 /* Frameworks */,
				1FF54DAF27C9DF3500763788 /* Resources */,
			);
			buildRules = (
			);
			dependencies = (
				1FF54DB327C9DF3500763788 /* PBXTargetDependency */,
			);
			name = login_practiceTests;
			productName = login_practiceTests;
			productReference = 1FF54DB127C9DF3500763788 /* login_practiceTests.xctest */;
			productType = "com.apple.product-type.bundle.unit-test";
		};
		1FF54DBA27C9DF3500763788 /* login_practiceUITests */ = {
			isa = PBXNativeTarget;
			buildConfigurationList = 1FF54DCB27C9DF3500763788 /* Build configuration list for PBXNativeTarget "login_practiceUITests" */;
			buildPhases = (
				1FF54DB727C9DF3500763788 /* Sources */,
				1FF54DB827C9DF3500763788 /* Frameworks */,
				1FF54DB927C9DF3500763788 /* Resources */,
			);
			buildRules = (
			);
			dependencies = (
				1FF54DBD27C9DF3500763788 /* PBXTargetDependency */,
			);
			name = login_practiceUITests;
			productName = login_practiceUITests;
			productReference = 1FF54DBB27C9DF3500763788 /* login_practiceUITests.xctest */;
			productType = "com.apple.product-type.bundle.ui-testing";
		};
/* End PBXNativeTarget section */

/* Begin PBXProject section */
		1FF54D9327C9DF3400763788 /* Project object */ = {
			isa = PBXProject;
			attributes = {
				BuildIndependentTargetsInParallel = 1;
				LastSwiftUpdateCheck = 1310;
				LastUpgradeCheck = 1310;
				TargetAttributes = {
					1FF54D9A27C9DF3400763788 = {
						CreatedOnToolsVersion = 13.1;
					};
					1FF54DB027C9DF3500763788 = {
						CreatedOnToolsVersion = 13.1;
						TestTargetID = 1FF54D9A27C9DF3400763788;
					};
					1FF54DBA27C9DF3500763788 = {
						CreatedOnToolsVersion = 13.1;
						TestTargetID = 1FF54D9A27C9DF3400763788;
					};
				};
			};
			buildConfigurationList = 1FF54D9627C9DF3400763788 /* Build configuration list for PBXProject "login_practice" */;
			compatibilityVersion = "Xcode 13.0";
			developmentRegion = en;
			hasScannedForEncodings = 0;
			knownRegions = (
				en,
				Base,
			);
			mainGroup = 1FF54D9227C9DF3400763788;
			productRefGroup = 1FF54D9C27C9DF3400763788 /* Products */;
			projectDirPath = "";
			projectRoot = "";
			targets = (
				1FF54D9A27C9DF3400763788 /* login_practice */,
				1FF54DB027C9DF3500763788 /* login_practiceTests */,
				1FF54DBA27C9DF3500763788 /* login_practiceUITests */,
			);
		};
/* End PBXProject section */

/* Begin PBXResourcesBuildPhase section */
		1FF54D9927C9DF3400763788 /* Resources */ = {
			isa = PBXResourcesBuildPhase;
			buildActionMask = 2147483647;
			files = (
				1FF54DAB27C9DF3500763788 /* LaunchScreen.storyboard in Resources */,
				1FF54DA827C9DF3500763788 /* Assets.xcassets in Resources */,
				1FF54DA627C9DF3400763788 /* Main.storyboard in Resources */,
			);
			runOnlyForDeploymentPostprocessing = 0;
		};
		1FF54DAF27C9DF3500763788 /* Resources */ = {
			isa = PBXResourcesBuildPhase;
			buildActionMask = 2147483647;
			files = (
			);
			runOnlyForDeploymentPostprocessing = 0;
		};
		1FF54DB927C9DF3500763788 /* Resources */ = {
			isa = PBXResourcesBuildPhase;
			buildActionMask = 2147483647;
			files = (
			);
			runOnlyForDeploymentPostprocessing = 0;
		};
/* End PBXResourcesBuildPhase section */

/* Begin PBXSourcesBuildPhase section */
		1FF54D9727C9DF3400763788 /* Sources */ = {
			isa = PBXSourcesBuildPhase;
			buildActionMask = 2147483647;
			files = (
				1FF54DD527C9FA3800763788 /* HomeViewController.swift in Sources */,
				1FF54DA327C9DF3400763788 /* LoginViewController.swift in Sources */,
				1FF54D9F27C9DF3400763788 /* AppDelegate.swift in Sources */,
				1FA45F9527CA5AF6006F4600 /* ImageTableViewCell.swift in Sources */,
				1FF54DD327C9F35800763788 /* SignupViewController.swift in Sources */,
				1FF54DA127C9DF3400763788 /* SceneDelegate.swift in Sources */,
			);
			runOnlyForDeploymentPostprocessing = 0;
		};
		1FF54DAD27C9DF3500763788 /* Sources */ = {
			isa = PBXSourcesBuildPhase;
			buildActionMask = 2147483647;
			files = (
				1FF54DB627C9DF3500763788 /* login_practiceTests.swift in Sources */,
			);
			runOnlyForDeploymentPostprocessing = 0;
		};
		1FF54DB727C9DF3500763788 /* Sources */ = {
			isa = PBXSourcesBuildPhase;
			buildActionMask = 2147483647;
			files = (
				1FF54DC027C9DF3500763788 /* login_practiceUITests.swift in Sources */,
				1FF54DC227C9DF3500763788 /* login_practiceUITestsLaunchTests.swift in Sources */,
			);
			runOnlyForDeploymentPostprocessing = 0;
		};
/* End PBXSourcesBuildPhase section */

/* Begin PBXTargetDependency section */
		1FF54DB327C9DF3500763788 /* PBXTargetDependency */ = {
			isa = PBXTargetDependency;
			target = 1FF54D9A27C9DF3400763788 /* login_practice */;
			targetProxy = 1FF54DB227C9DF3500763788 /* PBXContainerItemProxy */;
		};
		1FF54DBD27C9DF3500763788 /* PBXTargetDependency */ = {
			isa = PBXTargetDependency;
			target = 1FF54D9A27C9DF3400763788 /* login_practice */;
			targetProxy = 1FF54DBC27C9DF3500763788 /* PBXContainerItemProxy */;
		};
/* End PBXTargetDependency section */

/* Begin PBXVariantGroup section */
		1FF54DA427C9DF3400763788 /* Main.storyboard */ = {
			isa = PBXVariantGroup;
			children = (
				1FF54DA527C9DF3400763788 /* Base */,
			);
			name = Main.storyboard;
			sourceTree = "<group>";
		};
		1FF54DA927C9DF3500763788 /* LaunchScreen.storyboard */ = {
			isa = PBXVariantGroup;
			children = (
				1FF54DAA27C9DF3500763788 /* Base */,
			);
			name = LaunchScreen.storyboard;
			sourceTree = "<group>";
		};
/* End PBXVariantGroup section */

/* Begin XCBuildConfiguration section */
		1FF54DC327C9DF3500763788 /* Debug */ = {
			isa = XCBuildConfiguration;
			buildSettings = {
				ALWAYS_SEARCH_USER_PATHS = NO;
				CLANG_ANALYZER_NONNULL = YES;
				CLANG_ANALYZER_NUMBER_OBJECT_CONVERSION = YES_AGGRESSIVE;
				CLANG_CXX_LANGUAGE_STANDARD = "gnu++17";
				CLANG_CXX_LIBRARY = "libc++";
				CLANG_ENABLE_MODULES = YES;
				CLANG_ENABLE_OBJC_ARC = YES;
				CLANG_ENABLE_OBJC_WEAK = YES;
				CLANG_WARN_BLOCK_CAPTURE_AUTORELEASING = YES;
				CLANG_WARN_BOOL_CONVERSION = YES;
				CLANG_WARN_COMMA = YES;
				CLANG_WARN_CONSTANT_CONVERSION = YES;
				CLANG_WARN_DEPRECATED_OBJC_IMPLEMENTATIONS = YES;
				CLANG_WARN_DIRECT_OBJC_ISA_USAGE = YES_ERROR;
				CLANG_WARN_DOCUMENTATION_COMMENTS = YES;
				CLANG_WARN_EMPTY_BODY = YES;
				CLANG_WARN_ENUM_CONVERSION = YES;
				CLANG_WARN_INFINITE_RECURSION = YES;
				CLANG_WARN_INT_CONVERSION = YES;
				CLANG_WARN_NON_LITERAL_NULL_CONVERSION = YES;
				CLANG_WARN_OBJC_IMPLICIT_RETAIN_SELF = YES;
				CLANG_WARN_OBJC_LITERAL_CONVERSION = YES;
				CLANG_WARN_OBJC_ROOT_CLASS = YES_ERROR;
				CLANG_WARN_QUOTED_INCLUDE_IN_FRAMEWORK_HEADER = YES;
				CLANG_WARN_RANGE_LOOP_ANALYSIS = YES;
				CLANG_WARN_STRICT_PROTOTYPES = YES;
				CLANG_WARN_SUSPICIOUS_MOVE = YES;
				CLANG_WARN_UNGUARDED_AVAILABILITY = YES_AGGRESSIVE;
				CLANG_WARN_UNREACHABLE_CODE = YES;
				CLANG_WARN__DUPLICATE_METHOD_MATCH = YES;
				COPY_PHASE_STRIP = NO;
				DEBUG_INFORMATION_FORMAT = dwarf;
				ENABLE_STRICT_OBJC_MSGSEND = YES;
				ENABLE_TESTABILITY = YES;
				GCC_C_LANGUAGE_STANDARD = gnu11;
				GCC_DYNAMIC_NO_PIC = NO;
				GCC_NO_COMMON_BLOCKS = YES;
				GCC_OPTIMIZATION_LEVEL = 0;
				GCC_PREPROCESSOR_DEFINITIONS = (
					"DEBUG=1",
					"$(inherited)",
				);
				GCC_WARN_64_TO_32_BIT_CONVERSION = YES;
				GCC_WARN_ABOUT_RETURN_TYPE = YES_ERROR;
				GCC_WARN_UNDECLARED_SELECTOR = YES;
				GCC_WARN_UNINITIALIZED_AUTOS = YES_AGGRESSIVE;
				GCC_WARN_UNUSED_FUNCTION = YES;
				GCC_WARN_UNUSED_VARIABLE = YES;
				IPHONEOS_DEPLOYMENT_TARGET = 15.0;
				MTL_ENABLE_DEBUG_INFO = INCLUDE_SOURCE;
				MTL_FAST_MATH = YES;
				ONLY_ACTIVE_ARCH = YES;
				SDKROOT = iphoneos;
				SWIFT_ACTIVE_COMPILATION_CONDITIONS = DEBUG;
				SWIFT_OPTIMIZATION_LEVEL = "-Onone";
			};
			name = Debug;
		};
		1FF54DC427C9DF3500763788 /* Release */ = {
			isa = XCBuildConfiguration;
			buildSettings = {
				ALWAYS_SEARCH_USER_PATHS = NO;
				CLANG_ANALYZER_NONNULL = YES;
				CLANG_ANALYZER_NUMBER_OBJECT_CONVERSION = YES_AGGRESSIVE;
				CLANG_CXX_LANGUAGE_STANDARD = "gnu++17";
				CLANG_CXX_LIBRARY = "libc++";
				CLANG_ENABLE_MODULES = YES;
				CLANG_ENABLE_OBJC_ARC = YES;
				CLANG_ENABLE_OBJC_WEAK = YES;
				CLANG_WARN_BLOCK_CAPTURE_AUTORELEASING = YES;
				CLANG_WARN_BOOL_CONVERSION = YES;
				CLANG_WARN_COMMA = YES;
				CLANG_WARN_CONSTANT_CONVERSION = YES;
				CLANG_WARN_DEPRECATED_OBJC_IMPLEMENTATIONS = YES;
				CLANG_WARN_DIRECT_OBJC_ISA_USAGE = YES_ERROR;
				CLANG_WARN_DOCUMENTATION_COMMENTS = YES;
				CLANG_WARN_EMPTY_BODY = YES;
				CLANG_WARN_ENUM_CONVERSION = YES;
				CLANG_WARN_INFINITE_RECURSION = YES;
				CLANG_WARN_INT_CONVERSION = YES;
				CLANG_WARN_NON_LITERAL_NULL_CONVERSION = YES;
				CLANG_WARN_OBJC_IMPLICIT_RETAIN_SELF = YES;
				CLANG_WARN_OBJC_LITERAL_CONVERSION = YES;
				CLANG_WARN_OBJC_ROOT_CLASS = YES_ERROR;
				CLANG_WARN_QUOTED_INCLUDE_IN_FRAMEWORK_HEADER = YES;
				CLANG_WARN_RANGE_LOOP_ANALYSIS = YES;
				CLANG_WARN_STRICT_PROTOTYPES = YES;
				CLANG_WARN_SUSPICIOUS_MOVE = YES;
				CLANG_WARN_UNGUARDED_AVAILABILITY = YES_AGGRESSIVE;
				CLANG_WARN_UNREACHABLE_CODE = YES;
				CLANG_WARN__DUPLICATE_METHOD_MATCH = YES;
				COPY_PHASE_STRIP = NO;
				DEBUG_INFORMATION_FORMAT = "dwarf-with-dsym";
				ENABLE_NS_ASSERTIONS = NO;
				ENABLE_STRICT_OBJC_MSGSEND = YES;
				GCC_C_LANGUAGE_STANDARD = gnu11;
				GCC_NO_COMMON_BLOCKS = YES;
				GCC_WARN_64_TO_32_BIT_CONVERSION = YES;
				GCC_WARN_ABOUT_RETURN_TYPE = YES_ERROR;
				GCC_WARN_UNDECLARED_SELECTOR = YES;
				GCC_WARN_UNINITIALIZED_AUTOS = YES_AGGRESSIVE;
				GCC_WARN_UNUSED_FUNCTION = YES;
				GCC_WARN_UNUSED_VARIABLE = YES;
				IPHONEOS_DEPLOYMENT_TARGET = 15.0;
				MTL_ENABLE_DEBUG_INFO = NO;
				MTL_FAST_MATH = YES;
				SDKROOT = iphoneos;
				SWIFT_COMPILATION_MODE = wholemodule;
				SWIFT_OPTIMIZATION_LEVEL = "-O";
				VALIDATE_PRODUCT = YES;
			};
			name = Release;
		};
		1FF54DC627C9DF3500763788 /* Debug */ = {
			isa = XCBuildConfiguration;
			buildSettings = {
				ASSETCATALOG_COMPILER_APPICON_NAME = AppIcon;
				ASSETCATALOG_COMPILER_GLOBAL_ACCENT_COLOR_NAME = AccentColor;
				CODE_SIGN_STYLE = Automatic;
				CURRENT_PROJECT_VERSION = 1;
				GENERATE_INFOPLIST_FILE = YES;
				INFOPLIST_FILE = login_practice/Info.plist;
				INFOPLIST_KEY_UIApplicationSupportsIndirectInputEvents = YES;
				INFOPLIST_KEY_UILaunchStoryboardName = LaunchScreen;
				INFOPLIST_KEY_UIMainStoryboardFile = Main;
				INFOPLIST_KEY_UISupportedInterfaceOrientations_iPad = "UIInterfaceOrientationPortrait UIInterfaceOrientationPortraitUpsideDown UIInterfaceOrientationLandscapeLeft UIInterfaceOrientationLandscapeRight";
				INFOPLIST_KEY_UISupportedInterfaceOrientations_iPhone = "UIInterfaceOrientationPortrait UIInterfaceOrientationLandscapeLeft UIInterfaceOrientationLandscapeRight";
				LD_RUNPATH_SEARCH_PATHS = (
					"$(inherited)",
					"@executable_path/Frameworks",
				);
				MARKETING_VERSION = 1.0;
				PRODUCT_BUNDLE_IDENTIFIER = "mung.login-practice";
				PRODUCT_NAME = "$(TARGET_NAME)";
				SWIFT_EMIT_LOC_STRINGS = YES;
				SWIFT_VERSION = 5.0;
				TARGETED_DEVICE_FAMILY = "1,2";
			};
			name = Debug;
		};
		1FF54DC727C9DF3500763788 /* Release */ = {
			isa = XCBuildConfiguration;
			buildSettings = {
				ASSETCATALOG_COMPILER_APPICON_NAME = AppIcon;
				ASSETCATALOG_COMPILER_GLOBAL_ACCENT_COLOR_NAME = AccentColor;
				CODE_SIGN_STYLE = Automatic;
				CURRENT_PROJECT_VERSION = 1;
				GENERATE_INFOPLIST_FILE = YES;
				INFOPLIST_FILE = login_practice/Info.plist;
				INFOPLIST_KEY_UIApplicationSupportsIndirectInputEvents = YES;
				INFOPLIST_KEY_UILaunchStoryboardName = LaunchScreen;
				INFOPLIST_KEY_UIMainStoryboardFile = Main;
				INFOPLIST_KEY_UISupportedInterfaceOrientations_iPad = "UIInterfaceOrientationPortrait UIInterfaceOrientationPortraitUpsideDown UIInterfaceOrientationLandscapeLeft UIInterfaceOrientationLandscapeRight";
				INFOPLIST_KEY_UISupportedInterfaceOrientations_iPhone = "UIInterfaceOrientationPortrait UIInterfaceOrientationLandscapeLeft UIInterfaceOrientationLandscapeRight";
				LD_RUNPATH_SEARCH_PATHS = (
					"$(inherited)",
					"@executable_path/Frameworks",
				);
				MARKETING_VERSION = 1.0;
				PRODUCT_BUNDLE_IDENTIFIER = "mung.login-practice";
				PRODUCT_NAME = "$(TARGET_NAME)";
				SWIFT_EMIT_LOC_STRINGS = YES;
				SWIFT_VERSION = 5.0;
				TARGETED_DEVICE_FAMILY = "1,2";
			};
			name = Release;
		};
		1FF54DC927C9DF3500763788 /* Debug */ = {
			isa = XCBuildConfiguration;
			buildSettings = {
				ALWAYS_EMBED_SWIFT_STANDARD_LIBRARIES = YES;
				BUNDLE_LOADER = "$(TEST_HOST)";
				CODE_SIGN_STYLE = Automatic;
				CURRENT_PROJECT_VERSION = 1;
				GENERATE_INFOPLIST_FILE = YES;
				IPHONEOS_DEPLOYMENT_TARGET = 15.0;
				LD_RUNPATH_SEARCH_PATHS = (
					"$(inherited)",
					"@executable_path/Frameworks",
					"@loader_path/Frameworks",
				);
				MARKETING_VERSION = 1.0;
				PRODUCT_BUNDLE_IDENTIFIER = "mung.login-practiceTests";
				PRODUCT_NAME = "$(TARGET_NAME)";
				SWIFT_EMIT_LOC_STRINGS = NO;
				SWIFT_VERSION = 5.0;
				TARGETED_DEVICE_FAMILY = "1,2";
				TEST_HOST = "$(BUILT_PRODUCTS_DIR)/login_practice.app/login_practice";
			};
			name = Debug;
		};
		1FF54DCA27C9DF3500763788 /* Release */ = {
			isa = XCBuildConfiguration;
			buildSettings = {
				ALWAYS_EMBED_SWIFT_STANDARD_LIBRARIES = YES;
				BUNDLE_LOADER = "$(TEST_HOST)";
				CODE_SIGN_STYLE = Automatic;
				CURRENT_PROJECT_VERSION = 1;
				GENERATE_INFOPLIST_FILE = YES;
				IPHONEOS_DEPLOYMENT_TARGET = 15.0;
				LD_RUNPATH_SEARCH_PATHS = (
					"$(inherited)",
					"@executable_path/Frameworks",
					"@loader_path/Frameworks",
				);
				MARKETING_VERSION = 1.0;
				PRODUCT_BUNDLE_IDENTIFIER = "mung.login-practiceTests";
				PRODUCT_NAME = "$(TARGET_NAME)";
				SWIFT_EMIT_LOC_STRINGS = NO;
				SWIFT_VERSION = 5.0;
				TARGETED_DEVICE_FAMILY = "1,2";
				TEST_HOST = "$(BUILT_PRODUCTS_DIR)/login_practice.app/login_practice";
			};
			name = Release;
		};
		1FF54DCC27C9DF3500763788 /* Debug */ = {
			isa = XCBuildConfiguration;
			buildSettings = {
				ALWAYS_EMBED_SWIFT_STANDARD_LIBRARIES = YES;
				CODE_SIGN_STYLE = Automatic;
				CURRENT_PROJECT_VERSION = 1;
				GENERATE_INFOPLIST_FILE = YES;
				LD_RUNPATH_SEARCH_PATHS = (
					"$(inherited)",
					"@executable_path/Frameworks",
					"@loader_path/Frameworks",
				);
				MARKETING_VERSION = 1.0;
				PRODUCT_BUNDLE_IDENTIFIER = "mung.login-practiceUITests";
				PRODUCT_NAME = "$(TARGET_NAME)";
				SWIFT_EMIT_LOC_STRINGS = NO;
				SWIFT_VERSION = 5.0;
				TARGETED_DEVICE_FAMILY = "1,2";
				TEST_TARGET_NAME = login_practice;
			};
			name = Debug;
		};
		1FF54DCD27C9DF3500763788 /* Release */ = {
			isa = XCBuildConfiguration;
			buildSettings = {
				ALWAYS_EMBED_SWIFT_STANDARD_LIBRARIES = YES;
				CODE_SIGN_STYLE = Automatic;
				CURRENT_PROJECT_VERSION = 1;
				GENERATE_INFOPLIST_FILE = YES;
				LD_RUNPATH_SEARCH_PATHS = (
					"$(inherited)",
					"@executable_path/Frameworks",
					"@loader_path/Frameworks",
				);
				MARKETING_VERSION = 1.0;
				PRODUCT_BUNDLE_IDENTIFIER = "mung.login-practiceUITests";
				PRODUCT_NAME = "$(TARGET_NAME)";
				SWIFT_EMIT_LOC_STRINGS = NO;
				SWIFT_VERSION = 5.0;
				TARGETED_DEVICE_FAMILY = "1,2";
				TEST_TARGET_NAME = login_practice;
			};
			name = Release;
		};
/* End XCBuildConfiguration section */

/* Begin XCConfigurationList section */
		1FF54D9627C9DF3400763788 /* Build configuration list for PBXProject "login_practice" */ = {
			isa = XCConfigurationList;
			buildConfigurations = (
				1FF54DC327C9DF3500763788 /* Debug */,
				1FF54DC427C9DF3500763788 /* Release */,
			);
			defaultConfigurationIsVisible = 0;
			defaultConfigurationName = Release;
		};
		1FF54DC527C9DF3500763788 /* Build configuration list for PBXNativeTarget "login_practice" */ = {
			isa = XCConfigurationList;
			buildConfigurations = (
				1FF54DC627C9DF3500763788 /* Debug */,
				1FF54DC727C9DF3500763788 /* Release */,
			);
			defaultConfigurationIsVisible = 0;
			defaultConfigurationName = Release;
		};
		1FF54DC827C9DF3500763788 /* Build configuration list for PBXNativeTarget "login_practiceTests" */ = {
			isa = XCConfigurationList;
			buildConfigurations = (
				1FF54DC927C9DF3500763788 /* Debug */,
				1FF54DCA27C9DF3500763788 /* Release */,
			);
			defaultConfigurationIsVisible = 0;
			defaultConfigurationName = Release;
		};
		1FF54DCB27C9DF3500763788 /* Build configuration list for PBXNativeTarget "login_practiceUITests" */ = {
			isa = XCConfigurationList;
			buildConfigurations = (
				1FF54DCC27C9DF3500763788 /* Debug */,
				1FF54DCD27C9DF3500763788 /* Release */,
			);
			defaultConfigurationIsVisible = 0;
			defaultConfigurationName = Release;
		};
/* End XCConfigurationList section */
	};
	rootObject = 1FF54D9327C9DF3400763788 /* Project object */;
}
